// !$*UTF8*$!
{
	archiveVersion = 1;
	classes = {
	};
	objectVersion = 50;
	objects = {

/* Begin PBXBuildFile section */
		13CB8F4E25C35FBA00B49B61 /* AppDelegate.swift in Sources */ = {isa = PBXBuildFile; fileRef = 13CB8F4D25C35FBA00B49B61 /* AppDelegate.swift */; };
		13CB8F5025C35FBA00B49B61 /* SceneDelegate.swift in Sources */ = {isa = PBXBuildFile; fileRef = 13CB8F4F25C35FBA00B49B61 /* SceneDelegate.swift */; };
		13CB8F5225C35FBA00B49B61 /* ViewController.swift in Sources */ = {isa = PBXBuildFile; fileRef = 13CB8F5125C35FBA00B49B61 /* ViewController.swift */; };
		13CB8F5525C35FBA00B49B61 /* Main.storyboard in Resources */ = {isa = PBXBuildFile; fileRef = 13CB8F5325C35FBA00B49B61 /* Main.storyboard */; };
		13CB8F5725C35FBB00B49B61 /* Assets.xcassets in Resources */ = {isa = PBXBuildFile; fileRef = 13CB8F5625C35FBB00B49B61 /* Assets.xcassets */; };
		13CB8F5A25C35FBB00B49B61 /* LaunchScreen.storyboard in Resources */ = {isa = PBXBuildFile; fileRef = 13CB8F5825C35FBB00B49B61 /* LaunchScreen.storyboard */; };
		13CB8F6525C35FBB00B49B61 /* TheMovieAppTests.swift in Sources */ = {isa = PBXBuildFile; fileRef = 13CB8F6425C35FBB00B49B61 /* TheMovieAppTests.swift */; };
/* End PBXBuildFile section */

/* Begin PBXContainerItemProxy section */
		13CB8F6125C35FBB00B49B61 /* PBXContainerItemProxy */ = {
			isa = PBXContainerItemProxy;
			containerPortal = 13CB8F4225C35FBA00B49B61 /* Project object */;
			proxyType = 1;
			remoteGlobalIDString = 13CB8F4925C35FBA00B49B61;
			remoteInfo = TheMovieApp;
		};
/* End PBXContainerItemProxy section */

/* Begin PBXFileReference section */
		13CB8F4A25C35FBA00B49B61 /* TheMovieApp.app */ = {isa = PBXFileReference; explicitFileType = wrapper.application; includeInIndex = 0; path = TheMovieApp.app; sourceTree = BUILT_PRODUCTS_DIR; };
		13CB8F4D25C35FBA00B49B61 /* AppDelegate.swift */ = {isa = PBXFileReference; lastKnownFileType = sourcecode.swift; path = AppDelegate.swift; sourceTree = "<group>"; };
		13CB8F4F25C35FBA00B49B61 /* SceneDelegate.swift */ = {isa = PBXFileReference; lastKnownFileType = sourcecode.swift; path = SceneDelegate.swift; sourceTree = "<group>"; };
		13CB8F5125C35FBA00B49B61 /* ViewController.swift */ = {isa = PBXFileReference; lastKnownFileType = sourcecode.swift; path = ViewController.swift; sourceTree = "<group>"; };
		13CB8F5425C35FBA00B49B61 /* Base */ = {isa = PBXFileReference; lastKnownFileType = file.storyboard; name = Base; path = Base.lproj/Main.storyboard; sourceTree = "<group>"; };
		13CB8F5625C35FBB00B49B61 /* Assets.xcassets */ = {isa = PBXFileReference; lastKnownFileType = folder.assetcatalog; path = Assets.xcassets; sourceTree = "<group>"; };
		13CB8F5925C35FBB00B49B61 /* Base */ = {isa = PBXFileReference; lastKnownFileType = file.storyboard; name = Base; path = Base.lproj/LaunchScreen.storyboard; sourceTree = "<group>"; };
		13CB8F5B25C35FBB00B49B61 /* Info.plist */ = {isa = PBXFileReference; lastKnownFileType = text.plist.xml; path = Info.plist; sourceTree = "<group>"; };
		13CB8F6025C35FBB00B49B61 /* TheMovieAppTests.xctest */ = {isa = PBXFileReference; explicitFileType = wrapper.cfbundle; includeInIndex = 0; path = TheMovieAppTests.xctest; sourceTree = BUILT_PRODUCTS_DIR; };
		13CB8F6425C35FBB00B49B61 /* TheMovieAppTests.swift */ = {isa = PBXFileReference; lastKnownFileType = sourcecode.swift; path = TheMovieAppTests.swift; sourceTree = "<group>"; };
		13CB8F6625C35FBB00B49B61 /* Info.plist */ = {isa = PBXFileReference; lastKnownFileType = text.plist.xml; path = Info.plist; sourceTree = "<group>"; };
/* End PBXFileReference section */

/* Begin PBXFrameworksBuildPhase section */
		13CB8F4725C35FBA00B49B61 /* Frameworks */ = {
			isa = PBXFrameworksBuildPhase;
			buildActionMask = 2147483647;
			files = (
			);
			runOnlyForDeploymentPostprocessing = 0;
		};
		13CB8F5D25C35FBB00B49B61 /* Frameworks */ = {
			isa = PBXFrameworksBuildPhase;
			buildActionMask = 2147483647;
			files = (
			);
			runOnlyForDeploymentPostprocessing = 0;
		};
/* End PBXFrameworksBuildPhase section */

/* Begin PBXGroup section */
		13CB8F4125C35FBA00B49B61 = {
			isa = PBXGroup;
			children = (
				13CB8F4C25C35FBA00B49B61 /* TheMovieApp */,
				13CB8F6325C35FBB00B49B61 /* TheMovieAppTests */,
				13CB8F4B25C35FBA00B49B61 /* Products */,
			);
			sourceTree = "<group>";
		};
		13CB8F4B25C35FBA00B49B61 /* Products */ = {
			isa = PBXGroup;
			children = (
				13CB8F4A25C35FBA00B49B61 /* TheMovieApp.app */,
				13CB8F6025C35FBB00B49B61 /* TheMovieAppTests.xctest */,
			);
			name = Products;
			sourceTree = "<group>";
		};
		13CB8F4C25C35FBA00B49B61 /* TheMovieApp */ = {
			isa = PBXGroup;
			children = (
				13CB8F4D25C35FBA00B49B61 /* AppDelegate.swift */,
				13CB8F4F25C35FBA00B49B61 /* SceneDelegate.swift */,
				13CB8F5125C35FBA00B49B61 /* ViewController.swift */,
				13CB8F5325C35FBA00B49B61 /* Main.storyboard */,
				13CB8F5625C35FBB00B49B61 /* Assets.xcassets */,
				13CB8F5825C35FBB00B49B61 /* LaunchScreen.storyboard */,
				13CB8F5B25C35FBB00B49B61 /* Info.plist */,
			);
			path = TheMovieApp;
			sourceTree = "<group>";
		};
		13CB8F6325C35FBB00B49B61 /* TheMovieAppTests */ = {
			isa = PBXGroup;
			children = (
				13CB8F6425C35FBB00B49B61 /* TheMovieAppTests.swift */,
				13CB8F6625C35FBB00B49B61 /* Info.plist */,
			);
			path = TheMovieAppTests;
			sourceTree = "<group>";
		};
/* End PBXGroup section */

/* Begin PBXNativeTarget section */
		13CB8F4925C35FBA00B49B61 /* TheMovieApp */ = {
			isa = PBXNativeTarget;
			buildConfigurationList = 13CB8F6925C35FBB00B49B61 /* Build configuration list for PBXNativeTarget "TheMovieApp" */;
			buildPhases = (
				13CB8F4625C35FBA00B49B61 /* Sources */,
				13CB8F4725C35FBA00B49B61 /* Frameworks */,
				13CB8F4825C35FBA00B49B61 /* Resources */,
			);
			buildRules = (
			);
			dependencies = (
			);
			name = TheMovieApp;
			productName = TheMovieApp;
			productReference = 13CB8F4A25C35FBA00B49B61 /* TheMovieApp.app */;
			productType = "com.apple.product-type.application";
		};
		13CB8F5F25C35FBB00B49B61 /* TheMovieAppTests */ = {
			isa = PBXNativeTarget;
			buildConfigurationList = 13CB8F6C25C35FBB00B49B61 /* Build configuration list for PBXNativeTarget "TheMovieAppTests" */;
			buildPhases = (
				13CB8F5C25C35FBB00B49B61 /* Sources */,
				13CB8F5D25C35FBB00B49B61 /* Frameworks */,
				13CB8F5E25C35FBB00B49B61 /* Resources */,
			);
			buildRules = (
			);
			dependencies = (
				13CB8F6225C35FBB00B49B61 /* PBXTargetDependency */,
			);
			name = TheMovieAppTests;
			productName = TheMovieAppTests;
			productReference = 13CB8F6025C35FBB00B49B61 /* TheMovieAppTests.xctest */;
			productType = "com.apple.product-type.bundle.unit-test";
		};
/* End PBXNativeTarget section */

/* Begin PBXProject section */
		13CB8F4225C35FBA00B49B61 /* Project object */ = {
			isa = PBXProject;
			attributes = {
				LastSwiftUpdateCheck = 1120;
				LastUpgradeCheck = 1120;
				ORGANIZATIONNAME = "CİHAN ÖZTÜRK";
				TargetAttributes = {
					13CB8F4925C35FBA00B49B61 = {
						CreatedOnToolsVersion = 11.2.1;
					};
					13CB8F5F25C35FBB00B49B61 = {
						CreatedOnToolsVersion = 11.2.1;
						TestTargetID = 13CB8F4925C35FBA00B49B61;
					};
				};
			};
			buildConfigurationList = 13CB8F4525C35FBA00B49B61 /* Build configuration list for PBXProject "TheMovieApp" */;
			compatibilityVersion = "Xcode 9.3";
			developmentRegion = en;
			hasScannedForEncodings = 0;
			knownRegions = (
				en,
				Base,
			);
			mainGroup = 13CB8F4125C35FBA00B49B61;
			productRefGroup = 13CB8F4B25C35FBA00B49B61 /* Products */;
			projectDirPath = "";
			projectRoot = "";
			targets = (
				13CB8F4925C35FBA00B49B61 /* TheMovieApp */,
				13CB8F5F25C35FBB00B49B61 /* TheMovieAppTests */,
			);
		};
/* End PBXProject section */

/* Begin PBXResourcesBuildPhase section */
		13CB8F4825C35FBA00B49B61 /* Resources */ = {
			isa = PBXResourcesBuildPhase;
			buildActionMask = 2147483647;
			files = (
				13CB8F5A25C35FBB00B49B61 /* LaunchScreen.storyboard in Resources */,
				13CB8F5725C35FBB00B49B61 /* Assets.xcassets in Resources */,
				13CB8F5525C35FBA00B49B61 /* Main.storyboard in Resources */,
			);
			runOnlyForDeploymentPostprocessing = 0;
		};
		13CB8F5E25C35FBB00B49B61 /* Resources */ = {
			isa = PBXResourcesBuildPhase;
			buildActionMask = 2147483647;
			files = (
			);
			runOnlyForDeploymentPostprocessing = 0;
		};
/* End PBXResourcesBuildPhase section */

/* Begin PBXSourcesBuildPhase section */
		13CB8F4625C35FBA00B49B61 /* Sources */ = {
			isa = PBXSourcesBuildPhase;
			buildActionMask = 2147483647;
			files = (
				13CB8F5225C35FBA00B49B61 /* ViewController.swift in Sources */,
				13CB8F4E25C35FBA00B49B61 /* AppDelegate.swift in Sources */,
				13CB8F5025C35FBA00B49B61 /* SceneDelegate.swift in Sources */,
			);
			runOnlyForDeploymentPostprocessing = 0;
		};
		13CB8F5C25C35FBB00B49B61 /* Sources */ = {
			isa = PBXSourcesBuildPhase;
			buildActionMask = 2147483647;
			files = (
				13CB8F6525C35FBB00B49B61 /* TheMovieAppTests.swift in Sources */,
			);
			runOnlyForDeploymentPostprocessing = 0;
		};
/* End PBXSourcesBuildPhase section */

/* Begin PBXTargetDependency section */
		13CB8F6225C35FBB00B49B61 /* PBXTargetDependency */ = {
			isa = PBXTargetDependency;
			target = 13CB8F4925C35FBA00B49B61 /* TheMovieApp */;
			targetProxy = 13CB8F6125C35FBB00B49B61 /* PBXContainerItemProxy */;
		};
/* End PBXTargetDependency section */

/* Begin PBXVariantGroup section */
		13CB8F5325C35FBA00B49B61 /* Main.storyboard */ = {
			isa = PBXVariantGroup;
			children = (
				13CB8F5425C35FBA00B49B61 /* Base */,
			);
			name = Main.storyboard;
			sourceTree = "<group>";
		};
		13CB8F5825C35FBB00B49B61 /* LaunchScreen.storyboard */ = {
			isa = PBXVariantGroup;
			children = (
				13CB8F5925C35FBB00B49B61 /* Base */,
			);
			name = LaunchScreen.storyboard;
			sourceTree = "<group>";
		};
/* End PBXVariantGroup section */

/* Begin XCBuildConfiguration section */
		13CB8F6725C35FBB00B49B61 /* Debug */ = {
			isa = XCBuildConfiguration;
			buildSettings = {
				ALWAYS_SEARCH_USER_PATHS = NO;
				CLANG_ANALYZER_NONNULL = YES;
				CLANG_ANALYZER_NUMBER_OBJECT_CONVERSION = YES_AGGRESSIVE;
				CLANG_CXX_LANGUAGE_STANDARD = "gnu++14";
				CLANG_CXX_LIBRARY = "libc++";
				CLANG_ENABLE_MODULES = YES;
				CLANG_ENABLE_OBJC_ARC = YES;
				CLANG_ENABLE_OBJC_WEAK = YES;
				CLANG_WARN_BLOCK_CAPTURE_AUTORELEASING = YES;
				CLANG_WARN_BOOL_CONVERSION = YES;
				CLANG_WARN_COMMA = YES;
				CLANG_WARN_CONSTANT_CONVERSION = YES;
				CLANG_WARN_DEPRECATED_OBJC_IMPLEMENTATIONS = YES;
				CLANG_WARN_DIRECT_OBJC_ISA_USAGE = YES_ERROR;
				CLANG_WARN_DOCUMENTATION_COMMENTS = YES;
				CLANG_WARN_EMPTY_BODY = YES;
				CLANG_WARN_ENUM_CONVERSION = YES;
				CLANG_WARN_INFINITE_RECURSION = YES;
				CLANG_WARN_INT_CONVERSION = YES;
				CLANG_WARN_NON_LITERAL_NULL_CONVERSION = YES;
				CLANG_WARN_OBJC_IMPLICIT_RETAIN_SELF = YES;
				CLANG_WARN_OBJC_LITERAL_CONVERSION = YES;
				CLANG_WARN_OBJC_ROOT_CLASS = YES_ERROR;
				CLANG_WARN_RANGE_LOOP_ANALYSIS = YES;
				CLANG_WARN_STRICT_PROTOTYPES = YES;
				CLANG_WARN_SUSPICIOUS_MOVE = YES;
				CLANG_WARN_UNGUARDED_AVAILABILITY = YES_AGGRESSIVE;
				CLANG_WARN_UNREACHABLE_CODE = YES;
				CLANG_WARN__DUPLICATE_METHOD_MATCH = YES;
				COPY_PHASE_STRIP = NO;
				DEBUG_INFORMATION_FORMAT = dwarf;
				ENABLE_STRICT_OBJC_MSGSEND = YES;
				ENABLE_TESTABILITY = YES;
				GCC_C_LANGUAGE_STANDARD = gnu11;
				GCC_DYNAMIC_NO_PIC = NO;
				GCC_NO_COMMON_BLOCKS = YES;
				GCC_OPTIMIZATION_LEVEL = 0;
				GCC_PREPROCESSOR_DEFINITIONS = (
					"DEBUG=1",
					"$(inherited)",
				);
				GCC_WARN_64_TO_32_BIT_CONVERSION = YES;
				GCC_WARN_ABOUT_RETURN_TYPE = YES_ERROR;
				GCC_WARN_UNDECLARED_SELECTOR = YES;
				GCC_WARN_UNINITIALIZED_AUTOS = YES_AGGRESSIVE;
				GCC_WARN_UNUSED_FUNCTION = YES;
				GCC_WARN_UNUSED_VARIABLE = YES;
				IPHONEOS_DEPLOYMENT_TARGET = 13.2;
				MTL_ENABLE_DEBUG_INFO = INCLUDE_SOURCE;
				MTL_FAST_MATH = YES;
				ONLY_ACTIVE_ARCH = YES;
				SDKROOT = iphoneos;
				SWIFT_ACTIVE_COMPILATION_CONDITIONS = DEBUG;
				SWIFT_OPTIMIZATION_LEVEL = "-Onone";
			};
			name = Debug;
		};
		13CB8F6825C35FBB00B49B61 /* Release */ = {
			isa = XCBuildConfiguration;
			buildSettings = {
				ALWAYS_SEARCH_USER_PATHS = NO;
				CLANG_ANALYZER_NONNULL = YES;
				CLANG_ANALYZER_NUMBER_OBJECT_CONVERSION = YES_AGGRESSIVE;
				CLANG_CXX_LANGUAGE_STANDARD = "gnu++14";
				CLANG_CXX_LIBRARY = "libc++";
				CLANG_ENABLE_MODULES = YES;
				CLANG_ENABLE_OBJC_ARC = YES;
				CLANG_ENABLE_OBJC_WEAK = YES;
				CLANG_WARN_BLOCK_CAPTURE_AUTORELEASING = YES;
				CLANG_WARN_BOOL_CONVERSION = YES;
				CLANG_WARN_COMMA = YES;
				CLANG_WARN_CONSTANT_CONVERSION = YES;
				CLANG_WARN_DEPRECATED_OBJC_IMPLEMENTATIONS = YES;
				CLANG_WARN_DIRECT_OBJC_ISA_USAGE = YES_ERROR;
				CLANG_WARN_DOCUMENTATION_COMMENTS = YES;
				CLANG_WARN_EMPTY_BODY = YES;
				CLANG_WARN_ENUM_CONVERSION = YES;
				CLANG_WARN_INFINITE_RECURSION = YES;
				CLANG_WARN_INT_CONVERSION = YES;
				CLANG_WARN_NON_LITERAL_NULL_CONVERSION = YES;
				CLANG_WARN_OBJC_IMPLICIT_RETAIN_SELF = YES;
				CLANG_WARN_OBJC_LITERAL_CONVERSION = YES;
				CLANG_WARN_OBJC_ROOT_CLASS = YES_ERROR;
				CLANG_WARN_RANGE_LOOP_ANALYSIS = YES;
				CLANG_WARN_STRICT_PROTOTYPES = YES;
				CLANG_WARN_SUSPICIOUS_MOVE = YES;
				CLANG_WARN_UNGUARDED_AVAILABILITY = YES_AGGRESSIVE;
				CLANG_WARN_UNREACHABLE_CODE = YES;
				CLANG_WARN__DUPLICATE_METHOD_MATCH = YES;
				COPY_PHASE_STRIP = NO;
				DEBUG_INFORMATION_FORMAT = "dwarf-with-dsym";
				ENABLE_NS_ASSERTIONS = NO;
				ENABLE_STRICT_OBJC_MSGSEND = YES;
				GCC_C_LANGUAGE_STANDARD = gnu11;
				GCC_NO_COMMON_BLOCKS = YES;
				GCC_WARN_64_TO_32_BIT_CONVERSION = YES;
				GCC_WARN_ABOUT_RETURN_TYPE = YES_ERROR;
				GCC_WARN_UNDECLARED_SELECTOR = YES;
				GCC_WARN_UNINITIALIZED_AUTOS = YES_AGGRESSIVE;
				GCC_WARN_UNUSED_FUNCTION = YES;
				GCC_WARN_UNUSED_VARIABLE = YES;
				IPHONEOS_DEPLOYMENT_TARGET = 13.2;
				MTL_ENABLE_DEBUG_INFO = NO;
				MTL_FAST_MATH = YES;
				SDKROOT = iphoneos;
				SWIFT_COMPILATION_MODE = wholemodule;
				SWIFT_OPTIMIZATION_LEVEL = "-O";
				VALIDATE_PRODUCT = YES;
			};
			name = Release;
		};
		13CB8F6A25C35FBB00B49B61 /* Debug */ = {
			isa = XCBuildConfiguration;
			buildSettings = {
				ASSETCATALOG_COMPILER_APPICON_NAME = AppIcon;
				CODE_SIGN_STYLE = Automatic;
				DEVELOPMENT_TEAM = 95FRKPC7XK;
				INFOPLIST_FILE = TheMovieApp/Info.plist;
				LD_RUNPATH_SEARCH_PATHS = (
					"$(inherited)",
					"@executable_path/Frameworks",
				);
				PRODUCT_BUNDLE_IDENTIFIER = com.cozturk.TheMovieApp;
				PRODUCT_NAME = "$(TARGET_NAME)";
				SWIFT_VERSION = 5.0;
				TARGETED_DEVICE_FAMILY = "1,2";
			};
			name = Debug;
		};
		13CB8F6B25C35FBB00B49B61 /* Release */ = {
			isa = XCBuildConfiguration;
			buildSettings = {
				ASSETCATALOG_COMPILER_APPICON_NAME = AppIcon;
				CODE_SIGN_STYLE = Automatic;
				DEVELOPMENT_TEAM = 95FRKPC7XK;
				INFOPLIST_FILE = TheMovieApp/Info.plist;
				LD_RUNPATH_SEARCH_PATHS = (
					"$(inherited)",
					"@executable_path/Frameworks",
				);
				PRODUCT_BUNDLE_IDENTIFIER = com.cozturk.TheMovieApp;
				PRODUCT_NAME = "$(TARGET_NAME)";
				SWIFT_VERSION = 5.0;
				TARGETED_DEVICE_FAMILY = "1,2";
			};
			name = Release;
		};
		13CB8F6D25C35FBB00B49B61 /* Debug */ = {
			isa = XCBuildConfiguration;
			buildSettings = {
				ALWAYS_EMBED_SWIFT_STANDARD_LIBRARIES = YES;
				BUNDLE_LOADER = "$(TEST_HOST)";
				CODE_SIGN_STYLE = Automatic;
				DEVELOPMENT_TEAM = 95FRKPC7XK;
				INFOPLIST_FILE = TheMovieAppTests/Info.plist;
				IPHONEOS_DEPLOYMENT_TARGET = 13.2;
				LD_RUNPATH_SEARCH_PATHS = (
					"$(inherited)",
					"@executable_path/Frameworks",
					"@loader_path/Frameworks",
				);
				PRODUCT_BUNDLE_IDENTIFIER = com.cozturk.TheMovieAppTests;
				PRODUCT_NAME = "$(TARGET_NAME)";
				SWIFT_VERSION = 5.0;
				TARGETED_DEVICE_FAMILY = "1,2";
				TEST_HOST = "$(BUILT_PRODUCTS_DIR)/TheMovieApp.app/TheMovieApp";
			};
			name = Debug;
		};
		13CB8F6E25C35FBB00B49B61 /* Release */ = {
			isa = XCBuildConfiguration;
			buildSettings = {
				ALWAYS_EMBED_SWIFT_STANDARD_LIBRARIES = YES;
				BUNDLE_LOADER = "$(TEST_HOST)";
				CODE_SIGN_STYLE = Automatic;
				DEVELOPMENT_TEAM = 95FRKPC7XK;
				INFOPLIST_FILE = TheMovieAppTests/Info.plist;
				IPHONEOS_DEPLOYMENT_TARGET = 13.2;
				LD_RUNPATH_SEARCH_PATHS = (
					"$(inherited)",
					"@executable_path/Frameworks",
					"@loader_path/Frameworks",
				);
				PRODUCT_BUNDLE_IDENTIFIER = com.cozturk.TheMovieAppTests;
				PRODUCT_NAME = "$(TARGET_NAME)";
				SWIFT_VERSION = 5.0;
				TARGETED_DEVICE_FAMILY = "1,2";
				TEST_HOST = "$(BUILT_PRODUCTS_DIR)/TheMovieApp.app/TheMovieApp";
			};
			name = Release;
		};
/* End XCBuildConfiguration section */

/* Begin XCConfigurationList section */
		13CB8F4525C35FBA00B49B61 /* Build configuration list for PBXProject "TheMovieApp" */ = {
			isa = XCConfigurationList;
			buildConfigurations = (
				13CB8F6725C35FBB00B49B61 /* Debug */,
				13CB8F6825C35FBB00B49B61 /* Release */,
			);
			defaultConfigurationIsVisible = 0;
			defaultConfigurationName = Release;
		};
		13CB8F6925C35FBB00B49B61 /* Build configuration list for PBXNativeTarget "TheMovieApp" */ = {
			isa = XCConfigurationList;
			buildConfigurations = (
				13CB8F6A25C35FBB00B49B61 /* Debug */,
				13CB8F6B25C35FBB00B49B61 /* Release */,
			);
			defaultConfigurationIsVisible = 0;
			defaultConfigurationName = Release;
		};
		13CB8F6C25C35FBB00B49B61 /* Build configuration list for PBXNativeTarget "TheMovieAppTests" */ = {
			isa = XCConfigurationList;
			buildConfigurations = (
				13CB8F6D25C35FBB00B49B61 /* Debug */,
				13CB8F6E25C35FBB00B49B61 /* Release */,
			);
			defaultConfigurationIsVisible = 0;
			defaultConfigurationName = Release;
		};
/* End XCConfigurationList section */
	};
	rootObject = 13CB8F4225C35FBA00B49B61 /* Project object */;
}
